<?xml version="1.0" encoding="utf-8"?>
<Project ToolsVersion="4.0" xmlns="http://schemas.microsoft.com/developer/msbuild/2003">
  <ItemGroup>
    <Filter Include="Archivos de origen">
      <UniqueIdentifier>{4FC737F1-C7A5-4376-A066-2A32D752A2FF}</UniqueIdentifier>
      <Extensions>cpp;c;cc;cxx;c++;cppm;ixx;def;odl;idl;hpj;bat;asm;asmx</Extensions>
    </Filter>
    <Filter Include="Archivos de encabezado">
      <UniqueIdentifier>{93995380-89BD-4b04-88EB-625FBE52EBFB}</UniqueIdentifier>
      <Extensions>h;hh;hpp;hxx;h++;hm;inl;inc;ipp;xsd</Extensions>
    </Filter>
    <Filter Include="Archivos de recursos">
      <UniqueIdentifier>{67DA6AB6-F800-4c08-8B7A-83BB121AAD01}</UniqueIdentifier>
      <Extensions>rc;ico;cur;bmp;dlg;rc2;rct;bin;rgs;gif;jpg;jpeg;jpe;resx;tiff;tif;png;wav;mfcribbon-ms</Extensions>
    </Filter>
    <Filter Include="3rd">
      <UniqueIdentifier>{2325abc5-211f-4440-8626-ef356fb0f229}</UniqueIdentifier>
    </Filter>
    <Filter Include="3rd\imgui">
      <UniqueIdentifier>{57dd2fdd-cc1c-46a4-b882-00dfd77c998e}</UniqueIdentifier>
    </Filter>
    <Filter Include="Archivos de encabezado\GUI">
      <UniqueIdentifier>{f4bb944d-69a0-46fd-80c1-91930b36714c}</UniqueIdentifier>
    </Filter>
    <Filter Include="Archivos de origen\GUI">
      <UniqueIdentifier>{8ec82d19-e665-4bc3-af70-3f828060da33}</UniqueIdentifier>
    </Filter>
    <Filter Include="Archivos de origen\Behaviours">
      <UniqueIdentifier>{9bdd8451-fc86-489e-9d8e-18bd1f98f362}</UniqueIdentifier>
    </Filter>
    <Filter Include="Archivos de encabezado\Behaviours">
      <UniqueIdentifier>{1a42c01d-4899-4933-8cca-75ded20c4d31}</UniqueIdentifier>
    </Filter>
    <Filter Include="3rd\ImGuizmo">
      <UniqueIdentifier>{41535190-392c-403a-adaa-239e13356fa7}</UniqueIdentifier>
    </Filter>
    <Filter Include="Shaders">
      <UniqueIdentifier>{9530e112-6aeb-4d43-b230-69451cc31be5}</UniqueIdentifier>
    </Filter>
    <Filter Include="Shaders\Vertex">
      <UniqueIdentifier>{0fc2ca44-8171-4bfd-b79f-b381ad2c0b5c}</UniqueIdentifier>
    </Filter>
    <Filter Include="Shaders\Pixel">
      <UniqueIdentifier>{67436556-9511-433e-982f-f18ec57f9f21}</UniqueIdentifier>
    </Filter>
    <Filter Include="Shaders\Pixel\Deferred">
      <UniqueIdentifier>{8700bec0-9447-4e13-98e0-77b04dc671b9}</UniqueIdentifier>
    </Filter>
    <Filter Include="Shaders\Geometry">
      <UniqueIdentifier>{5dfd2a6e-5aee-4874-a2aa-eff6b31ee8ba}</UniqueIdentifier>
    </Filter>
  </ItemGroup>
  <ItemGroup>
    <ClCompile Include="src\App.cpp">
      <Filter>Archivos de origen</Filter>
    </ClCompile>
    <ClCompile Include="3rd\imgui\imgui.cpp">
      <Filter>3rd\imgui</Filter>
    </ClCompile>
    <ClCompile Include="3rd\imgui\imgui_draw.cpp">
      <Filter>3rd\imgui</Filter>
    </ClCompile>
    <ClCompile Include="3rd\imgui\imgui_tables.cpp">
      <Filter>3rd\imgui</Filter>
    </ClCompile>
    <ClCompile Include="3rd\imgui\imgui_widgets.cpp">
      <Filter>3rd\imgui</Filter>
    </ClCompile>
    <ClCompile Include="src\GUI\GUI.cpp">
      <Filter>Archivos de origen\GUI</Filter>
    </ClCompile>
    <ClCompile Include="3rd\imgui\backends\imgui_impl_dx11.cpp">
      <Filter>3rd\imgui</Filter>
    </ClCompile>
    <ClCompile Include="3rd\imgui\backends\imgui_impl_win32.cpp">
      <Filter>3rd\imgui</Filter>
    </ClCompile>
    <ClCompile Include="src\Behaviours\CameraMovement.cpp">
      <Filter>Archivos de origen\Behaviours</Filter>
    </ClCompile>
    <ClCompile Include="src\GUI\ImGuiTypeVisitor.cpp">
      <Filter>Archivos de origen\GUI</Filter>
    </ClCompile>
    <ClCompile Include="3rd\ImGuizmo\ImGuizmo.cpp">
      <Filter>3rd\ImGuizmo</Filter>
    </ClCompile>
    <ClCompile Include="src\GUI\SceneGUIWindow.cpp">
      <Filter>Archivos de origen\GUI</Filter>
    </ClCompile>
    <ClCompile Include="src\GUI\GuizmoUtils.cpp">
      <Filter>Archivos de origen\GUI</Filter>
    </ClCompile>
    <ClCompile Include="src\GUI\RendererGUIWindow.cpp">
      <Filter>Archivos de origen\GUI</Filter>
    </ClCompile>
    <ClCompile Include="src\GUI\PrefabGUIWindow.cpp">
      <Filter>Archivos de origen\GUI</Filter>
    </ClCompile>
    <ClCompile Include="src\GUI\MaterialGUIWindow.cpp">
      <Filter>Archivos de origen\GUI</Filter>
    </ClCompile>
  </ItemGroup>
  <ItemGroup>
    <ClInclude Include="3rd\imgui\imgui.h">
      <Filter>3rd\imgui</Filter>
    </ClInclude>
    <ClInclude Include="3rd\imgui\imconfig.h">
      <Filter>3rd\imgui</Filter>
    </ClInclude>
    <ClInclude Include="3rd\imgui\imgui_internal.h">
      <Filter>3rd\imgui</Filter>
    </ClInclude>
    <ClInclude Include="3rd\imgui\imstb_rectpack.h">
      <Filter>3rd\imgui</Filter>
    </ClInclude>
    <ClInclude Include="3rd\imgui\imstb_textedit.h">
      <Filter>3rd\imgui</Filter>
    </ClInclude>
    <ClInclude Include="3rd\imgui\imstb_truetype.h">
      <Filter>3rd\imgui</Filter>
    </ClInclude>
    <ClInclude Include="include\GUI\GUI.h">
      <Filter>Archivos de encabezado\GUI</Filter>
    </ClInclude>
    <ClInclude Include="3rd\imgui\backends\imgui_impl_dx11.h">
      <Filter>3rd\imgui</Filter>
    </ClInclude>
    <ClInclude Include="3rd\imgui\backends\imgui_impl_win32.h">
      <Filter>3rd\imgui</Filter>
    </ClInclude>
    <ClInclude Include="include\Behaviours\CameraMovement.h">
      <Filter>Archivos de encabezado\Behaviours</Filter>
    </ClInclude>
    <ClInclude Include="include\GUI\ImGuiTypeVisitor.h">
      <Filter>Archivos de encabezado\GUI</Filter>
    </ClInclude>
    <ClInclude Include="include\GUI\SceneGUIWindow.h">
      <Filter>Archivos de encabezado\GUI</Filter>
    </ClInclude>
    <ClInclude Include="3rd\ImGuizmo\ImGuizmo.h">
      <Filter>3rd\ImGuizmo</Filter>
    </ClInclude>
    <ClInclude Include="include\GUI\GizmoUtils.h">
      <Filter>Archivos de encabezado\GUI</Filter>
    </ClInclude>
    <ClInclude Include="include\GUI\RendererGUIWindow.h">
      <Filter>Archivos de encabezado\GUI</Filter>
    </ClInclude>
    <ClInclude Include="include\GUI\PrefabGUIWindow.h">
      <Filter>Archivos de encabezado\GUI</Filter>
    </ClInclude>
    <ClInclude Include="include\GUI\MaterialGUIWindow.h">
      <Filter>Archivos de encabezado\GUI</Filter>
    </ClInclude>
  </ItemGroup>
  <ItemGroup>
    <FxCompile Include="assets\shaders\composeDeferredPixel.hlsl">
      <Filter>Shaders\Pixel</Filter>
    </FxCompile>
    <FxCompile Include="assets\shaders\composePixel.hlsl">
      <Filter>Shaders\Pixel</Filter>
    </FxCompile>
    <FxCompile Include="assets\shaders\deferredPixel.hlsl">
      <Filter>Shaders\Pixel</Filter>
    </FxCompile>
    <FxCompile Include="assets\shaders\DiffusePixel.hlsl">
      <Filter>Shaders\Pixel</Filter>
    </FxCompile>
    <FxCompile Include="assets\shaders\plainTexturePixel.hlsl">
      <Filter>Shaders\Pixel</Filter>
    </FxCompile>
    <FxCompile Include="assets\shaders\ShadowPixel.hlsl">
      <Filter>Shaders\Pixel</Filter>
    </FxCompile>
    <FxCompile Include="assets\shaders\SkinnedPixel.hlsl">
      <Filter>Shaders\Pixel</Filter>
    </FxCompile>
    <FxCompile Include="assets\shaders\skyboxPixel.hlsl">
      <Filter>Shaders\Pixel</Filter>
    </FxCompile>
    <FxCompile Include="assets\shaders\SolidPixel.hlsl">
      <Filter>Shaders\Pixel</Filter>
    </FxCompile>
    <FxCompile Include="assets\shaders\texturePixel.hlsl">
      <Filter>Shaders\Pixel</Filter>
    </FxCompile>
    <FxCompile Include="assets\shaders\fragment.hlsl">
      <Filter>Shaders\Pixel</Filter>
    </FxCompile>
    <FxCompile Include="assets\shaders\composeVertex.hlsl">
      <Filter>Shaders\Vertex</Filter>
    </FxCompile>
    <FxCompile Include="assets\shaders\cubeVertex.hlsl">
      <Filter>Shaders\Vertex</Filter>
    </FxCompile>
    <FxCompile Include="assets\shaders\ShadowVertex.hlsl">
      <Filter>Shaders\Vertex</Filter>
    </FxCompile>
    <FxCompile Include="assets\shaders\SkinnedVertex.hlsl">
      <Filter>Shaders\Vertex</Filter>
    </FxCompile>
    <FxCompile Include="assets\shaders\skyboxVertex.hlsl">
      <Filter>Shaders\Vertex</Filter>
    </FxCompile>
    <FxCompile Include="assets\shaders\vertex.hlsl">
      <Filter>Shaders\Vertex</Filter>
    </FxCompile>
    <FxCompile Include="assets\shaders\TexturedModelPixel.hlsl">
      <Filter>Shaders\Pixel</Filter>
    </FxCompile>
    <FxCompile Include="assets\shaders\deferred\PBRNormalPixel.hlsl">
      <Filter>Shaders\Pixel\Deferred</Filter>
    </FxCompile>
    <FxCompile Include="assets\shaders\deferred\ComposeAmbientPixel.hlsl">
      <Filter>Shaders\Pixel\Deferred</Filter>
    </FxCompile>
    <FxCompile Include="assets\shaders\deferred\ComposeDirLightPixel.hlsl">
      <Filter>Shaders\Pixel\Deferred</Filter>
    </FxCompile>
    <FxCompile Include="assets\shaders\deferred\SolidPixel.hlsl">
      <Filter>Shaders\Pixel\Deferred</Filter>
    </FxCompile>
    <FxCompile Include="assets\shaders\deferred\PBRPixel.hlsl">
      <Filter>Shaders\Pixel\Deferred</Filter>
    </FxCompile>
    <FxCompile Include="assets\shaders\PBRVertex.hlsl">
      <Filter>Shaders\Vertex</Filter>
    </FxCompile>
    <FxCompile Include="assets\shaders\deferred\ComposePBRPixel.hlsl">
      <Filter>Shaders\Pixel\Deferred</Filter>
    </FxCompile>
    <FxCompile Include="assets\shaders\BlitPixel.hlsl">
      <Filter>Shaders\Pixel</Filter>
    </FxCompile>
    <FxCompile Include="assets\shaders\TonemappingPixel.hlsl">
      <Filter>Shaders\Pixel</Filter>
    </FxCompile>
    <FxCompile Include="assets\shaders\ReinhardPixel.hlsl">
      <Filter>Shaders\Pixel</Filter>
    </FxCompile>
    <FxCompile Include="assets\shaders\hdrEnvMapPixel.hlsl">
      <Filter>Shaders\Pixel</Filter>
    </FxCompile>
    <FxCompile Include="assets\shaders\hdrEnvMapGeom.hlsl">
      <Filter>Shaders\Geometry</Filter>
    </FxCompile>
    <FxCompile Include="assets\shaders\hdrEnvMapVertex.hlsl">
      <Filter>Shaders\Vertex</Filter>
    </FxCompile>
    <FxCompile Include="assets\shaders\CubemapConvolutionPixel.hlsl">
      <Filter>Shaders\Pixel</Filter>
    </FxCompile>
    <FxCompile Include="assets\shaders\deferred\PBRFlatColorPixel.hlsl">
      <Filter>Shaders\Pixel\Deferred</Filter>
    </FxCompile>
    <FxCompile Include="assets\shaders\BlitNoAlphaPixel.hlsl">
      <Filter>Shaders\Pixel</Filter>
    </FxCompile>
    <FxCompile Include="assets\shaders\ParticleVertex.hlsl">
      <Filter>Shaders\Vertex</Filter>
    </FxCompile>
    <FxCompile Include="assets\shaders\ParticleGeom.hlsl">
      <Filter>Shaders\Geometry</Filter>
    </FxCompile>
    <FxCompile Include="assets\shaders\ParticlePixel.hlsl">
      <Filter>Shaders\Pixel</Filter>
    </FxCompile>
  </ItemGroup>
</Project>